// !$*UTF8*$!
{
	archiveVersion = 1;
	classes = {
	};
	objectVersion = 55;
	objects = {

/* Begin PBXBuildFile section */
		861225312720DFEB000226B3 /* HospitalRegisterView.swift in Sources */ = {isa = PBXBuildFile; fileRef = 861225302720DFEB000226B3 /* HospitalRegisterView.swift */; };
		861225332720E02D000226B3 /* HospitalRegisterViewController.swift in Sources */ = {isa = PBXBuildFile; fileRef = 861225322720E02D000226B3 /* HospitalRegisterViewController.swift */; };
		863D8B98271F403400418F1C /* SignupViewController.swift in Sources */ = {isa = PBXBuildFile; fileRef = 863D8B97271F403400418F1C /* SignupViewController.swift */; };
		863D8B9A271F404F00418F1C /* SignupView.swift in Sources */ = {isa = PBXBuildFile; fileRef = 863D8B99271F404F00418F1C /* SignupView.swift */; };
		8649284F272F795B00826CC7 /* NavigationExtension.swift in Sources */ = {isa = PBXBuildFile; fileRef = 8649284E272F795B00826CC7 /* NavigationExtension.swift */; };
		8683477F272252870051FFDC /* ProfileView.swift in Sources */ = {isa = PBXBuildFile; fileRef = 8683477E272252870051FFDC /* ProfileView.swift */; };
		86834782272254000051FFDC /* ProfileViewController.swift in Sources */ = {isa = PBXBuildFile; fileRef = 86834781272254000051FFDC /* ProfileViewController.swift */; };
		8683478627225FE90051FFDC /* MenuBar.swift in Sources */ = {isa = PBXBuildFile; fileRef = 8683478527225FE90051FFDC /* MenuBar.swift */; };
		86834788272265CD0051FFDC /* MenuCellCollectionViewCell.swift in Sources */ = {isa = PBXBuildFile; fileRef = 86834787272265CD0051FFDC /* MenuCellCollectionViewCell.swift */; };
		8683478A272341F00051FFDC /* RelativeDataCollectionViewCell.swift in Sources */ = {isa = PBXBuildFile; fileRef = 86834789272341F00051FFDC /* RelativeDataCollectionViewCell.swift */; };
		8683478C272345400051FFDC /* MomDataViewCollectionViewCell.swift in Sources */ = {isa = PBXBuildFile; fileRef = 8683478B272345400051FFDC /* MomDataViewCollectionViewCell.swift */; };
		8683478E272352EC0051FFDC /* HospitalDataCollectionViewCell.swift in Sources */ = {isa = PBXBuildFile; fileRef = 8683478D272352EC0051FFDC /* HospitalDataCollectionViewCell.swift */; };
		8683479027235ABC0051FFDC /* RegisterMomCollectionViewCell.swift in Sources */ = {isa = PBXBuildFile; fileRef = 8683478F27235ABC0051FFDC /* RegisterMomCollectionViewCell.swift */; };
		86834792272366AD0051FFDC /* NotesCollectionViewCell.swift in Sources */ = {isa = PBXBuildFile; fileRef = 86834791272366AC0051FFDC /* NotesCollectionViewCell.swift */; };
		86897CA02730686F007CEC54 /* WelcomeView.swift in Sources */ = {isa = PBXBuildFile; fileRef = 86897C9F2730686F007CEC54 /* WelcomeView.swift */; };
		86897CA227306884007CEC54 /* WelcomeVC.swift in Sources */ = {isa = PBXBuildFile; fileRef = 86897CA127306884007CEC54 /* WelcomeVC.swift */; };
		86897CD32730AB5E007CEC54 /* Baby+CoreDataClass.swift in Sources */ = {isa = PBXBuildFile; fileRef = 86897CC32730AB5E007CEC54 /* Baby+CoreDataClass.swift */; };
		86897CD42730AB5E007CEC54 /* Baby+CoreDataProperties.swift in Sources */ = {isa = PBXBuildFile; fileRef = 86897CC42730AB5E007CEC54 /* Baby+CoreDataProperties.swift */; };
		86897CD52730AB5E007CEC54 /* Doula+CoreDataClass.swift in Sources */ = {isa = PBXBuildFile; fileRef = 86897CC52730AB5E007CEC54 /* Doula+CoreDataClass.swift */; };
		86897CD62730AB5E007CEC54 /* Doula+CoreDataProperties.swift in Sources */ = {isa = PBXBuildFile; fileRef = 86897CC62730AB5E007CEC54 /* Doula+CoreDataProperties.swift */; };
		86897CD72730AB5E007CEC54 /* Doctor+CoreDataClass.swift in Sources */ = {isa = PBXBuildFile; fileRef = 86897CC72730AB5E007CEC54 /* Doctor+CoreDataClass.swift */; };
		86897CD82730AB5E007CEC54 /* Doctor+CoreDataProperties.swift in Sources */ = {isa = PBXBuildFile; fileRef = 86897CC82730AB5E007CEC54 /* Doctor+CoreDataProperties.swift */; };
		86897CD92730AB5E007CEC54 /* Mom+CoreDataClass.swift in Sources */ = {isa = PBXBuildFile; fileRef = 86897CC92730AB5E007CEC54 /* Mom+CoreDataClass.swift */; };
		86897CDA2730AB5E007CEC54 /* Mom+CoreDataProperties.swift in Sources */ = {isa = PBXBuildFile; fileRef = 86897CCA2730AB5E007CEC54 /* Mom+CoreDataProperties.swift */; };
		86897CDB2730AB5E007CEC54 /* Hospital+CoreDataClass.swift in Sources */ = {isa = PBXBuildFile; fileRef = 86897CCB2730AB5E007CEC54 /* Hospital+CoreDataClass.swift */; };
		86897CDC2730AB5E007CEC54 /* Hospital+CoreDataProperties.swift in Sources */ = {isa = PBXBuildFile; fileRef = 86897CCC2730AB5E007CEC54 /* Hospital+CoreDataProperties.swift */; };
		86897CDD2730AB5E007CEC54 /* Note+CoreDataClass.swift in Sources */ = {isa = PBXBuildFile; fileRef = 86897CCD2730AB5E007CEC54 /* Note+CoreDataClass.swift */; };
		86897CDE2730AB5E007CEC54 /* Note+CoreDataProperties.swift in Sources */ = {isa = PBXBuildFile; fileRef = 86897CCE2730AB5E007CEC54 /* Note+CoreDataProperties.swift */; };
		86897CDF2730AB5E007CEC54 /* Relative+CoreDataClass.swift in Sources */ = {isa = PBXBuildFile; fileRef = 86897CCF2730AB5E007CEC54 /* Relative+CoreDataClass.swift */; };
		86897CE02730AB5E007CEC54 /* Relative+CoreDataProperties.swift in Sources */ = {isa = PBXBuildFile; fileRef = 86897CD02730AB5E007CEC54 /* Relative+CoreDataProperties.swift */; };
		86897CE12730AB5E007CEC54 /* Adress+CoreDataClass.swift in Sources */ = {isa = PBXBuildFile; fileRef = 86897CD12730AB5E007CEC54 /* Adress+CoreDataClass.swift */; };
		86897CE22730AB5E007CEC54 /* Adress+CoreDataProperties.swift in Sources */ = {isa = PBXBuildFile; fileRef = 86897CD22730AB5E007CEC54 /* Adress+CoreDataProperties.swift */; };
		86A66E6A271F824A005313A5 /* BabyRegisterView.swift in Sources */ = {isa = PBXBuildFile; fileRef = 86A66E69271F8249005313A5 /* BabyRegisterView.swift */; };
		86A66E6C271F825E005313A5 /* BabyRegisterVC.swift in Sources */ = {isa = PBXBuildFile; fileRef = 86A66E6B271F825E005313A5 /* BabyRegisterVC.swift */; };
		86AFF9752730DCEC006C6D55 /* PDFCreator.swift in Sources */ = {isa = PBXBuildFile; fileRef = 86AFF9742730DCEC006C6D55 /* PDFCreator.swift */; };
		86BF1B732720A8D100294D0D /* AdressRegisterView.swift in Sources */ = {isa = PBXBuildFile; fileRef = 86BF1B722720A8D100294D0D /* AdressRegisterView.swift */; };
		86BF1B752720A8F000294D0D /* AdressRegisterViewController.swift in Sources */ = {isa = PBXBuildFile; fileRef = 86BF1B742720A8F000294D0D /* AdressRegisterViewController.swift */; };
		86BF1B782720B8A800294D0D /* RelativeRegisterView.swift in Sources */ = {isa = PBXBuildFile; fileRef = 86BF1B772720B8A800294D0D /* RelativeRegisterView.swift */; };
		86BF1B7A2720B8FB00294D0D /* RelativeViewController.swift in Sources */ = {isa = PBXBuildFile; fileRef = 86BF1B792720B8FA00294D0D /* RelativeViewController.swift */; };
		86BF1B7C2720D9BC00294D0D /* DoctorRegisterView.swift in Sources */ = {isa = PBXBuildFile; fileRef = 86BF1B7B2720D9BC00294D0D /* DoctorRegisterView.swift */; };
		86BF1B7E2720D9FF00294D0D /* DoctorRegisterViewController.swift in Sources */ = {isa = PBXBuildFile; fileRef = 86BF1B7D2720D9FF00294D0D /* DoctorRegisterViewController.swift */; };
		86CADE14271BC83B00DD0BDC /* AppDelegate.swift in Sources */ = {isa = PBXBuildFile; fileRef = 86CADE13271BC83B00DD0BDC /* AppDelegate.swift */; };
		86CADE16271BC83B00DD0BDC /* SceneDelegate.swift in Sources */ = {isa = PBXBuildFile; fileRef = 86CADE15271BC83B00DD0BDC /* SceneDelegate.swift */; };
		86CADE18271BC83B00DD0BDC /* HomeVC.swift in Sources */ = {isa = PBXBuildFile; fileRef = 86CADE17271BC83B00DD0BDC /* HomeVC.swift */; };
		86CADE1D271BC84000DD0BDC /* Assets.xcassets in Resources */ = {isa = PBXBuildFile; fileRef = 86CADE1C271BC84000DD0BDC /* Assets.xcassets */; };
		86CADE20271BC84000DD0BDC /* LaunchScreen.storyboard in Resources */ = {isa = PBXBuildFile; fileRef = 86CADE1E271BC84000DD0BDC /* LaunchScreen.storyboard */; };
		86E31635271E035B0098E617 /* CoreDataStack.swift in Sources */ = {isa = PBXBuildFile; fileRef = 86E31634271E035B0098E617 /* CoreDataStack.swift */; };
		86E31637271E059D0098E617 /* CoreDataHandleError.swift in Sources */ = {isa = PBXBuildFile; fileRef = 86E31636271E059D0098E617 /* CoreDataHandleError.swift */; };
		86E3163E271E54230098E617 /* ViewCodable.swift in Sources */ = {isa = PBXBuildFile; fileRef = 86E3163D271E54230098E617 /* ViewCodable.swift */; };
		86E31640271E54A90098E617 /* UIViewExtension.swift in Sources */ = {isa = PBXBuildFile; fileRef = 86E3163F271E54A90098E617 /* UIViewExtension.swift */; };
		86E31647271E57FB0098E617 /* HomeView.swift in Sources */ = {isa = PBXBuildFile; fileRef = 86E31646271E57FB0098E617 /* HomeView.swift */; };
		86E3164A271E66680098E617 /* MomCollectionViewCellView.swift in Sources */ = {isa = PBXBuildFile; fileRef = 86E31649271E66680098E617 /* MomCollectionViewCellView.swift */; };
		86E3164E271E68120098E617 /* MomCollectionViewCell.swift in Sources */ = {isa = PBXBuildFile; fileRef = 86E3164D271E68120098E617 /* MomCollectionViewCell.swift */; };
		86E31653271E78A80098E617 /* UIColor+Extensions.swift in Sources */ = {isa = PBXBuildFile; fileRef = 86E31652271E78A80098E617 /* UIColor+Extensions.swift */; };
		86F37934271DF4AD00D1C4EB /* DoulaApp.xcdatamodeld in Sources */ = {isa = PBXBuildFile; fileRef = 86F37932271DF4AD00D1C4EB /* DoulaApp.xcdatamodeld */; };
		86FCC09F272B656D00F13D0A /* NoteTableViewCell.swift in Sources */ = {isa = PBXBuildFile; fileRef = 86FCC09E272B656D00F13D0A /* NoteTableViewCell.swift */; };
		86FCC0C0272B74BA00F13D0A /* AddNoteViewController.swift in Sources */ = {isa = PBXBuildFile; fileRef = 86FCC0BF272B74BA00F13D0A /* AddNoteViewController.swift */; };
		86FCC0C2272B74CB00F13D0A /* AddNoteView.swift in Sources */ = {isa = PBXBuildFile; fileRef = 86FCC0C1272B74CB00F13D0A /* AddNoteView.swift */; };
/* End PBXBuildFile section */

/* Begin PBXFileReference section */
		861225302720DFEB000226B3 /* HospitalRegisterView.swift */ = {isa = PBXFileReference; lastKnownFileType = sourcecode.swift; path = HospitalRegisterView.swift; sourceTree = "<group>"; };
		861225322720E02D000226B3 /* HospitalRegisterViewController.swift */ = {isa = PBXFileReference; lastKnownFileType = sourcecode.swift; path = HospitalRegisterViewController.swift; sourceTree = "<group>"; };
		863D8B97271F403400418F1C /* SignupViewController.swift */ = {isa = PBXFileReference; lastKnownFileType = sourcecode.swift; path = SignupViewController.swift; sourceTree = "<group>"; };
		863D8B99271F404F00418F1C /* SignupView.swift */ = {isa = PBXFileReference; lastKnownFileType = sourcecode.swift; path = SignupView.swift; sourceTree = "<group>"; };
		8649284E272F795B00826CC7 /* NavigationExtension.swift */ = {isa = PBXFileReference; lastKnownFileType = sourcecode.swift; path = NavigationExtension.swift; sourceTree = "<group>"; };
		8683477E272252870051FFDC /* ProfileView.swift */ = {isa = PBXFileReference; lastKnownFileType = sourcecode.swift; path = ProfileView.swift; sourceTree = "<group>"; };
		86834781272254000051FFDC /* ProfileViewController.swift */ = {isa = PBXFileReference; lastKnownFileType = sourcecode.swift; path = ProfileViewController.swift; sourceTree = "<group>"; };
		8683478527225FE90051FFDC /* MenuBar.swift */ = {isa = PBXFileReference; lastKnownFileType = sourcecode.swift; path = MenuBar.swift; sourceTree = "<group>"; };
		86834787272265CD0051FFDC /* MenuCellCollectionViewCell.swift */ = {isa = PBXFileReference; lastKnownFileType = sourcecode.swift; path = MenuCellCollectionViewCell.swift; sourceTree = "<group>"; };
		86834789272341F00051FFDC /* RelativeDataCollectionViewCell.swift */ = {isa = PBXFileReference; lastKnownFileType = sourcecode.swift; path = RelativeDataCollectionViewCell.swift; sourceTree = "<group>"; };
		8683478B272345400051FFDC /* MomDataViewCollectionViewCell.swift */ = {isa = PBXFileReference; lastKnownFileType = sourcecode.swift; path = MomDataViewCollectionViewCell.swift; sourceTree = "<group>"; };
		8683478D272352EC0051FFDC /* HospitalDataCollectionViewCell.swift */ = {isa = PBXFileReference; lastKnownFileType = sourcecode.swift; path = HospitalDataCollectionViewCell.swift; sourceTree = "<group>"; };
		8683478F27235ABC0051FFDC /* RegisterMomCollectionViewCell.swift */ = {isa = PBXFileReference; lastKnownFileType = sourcecode.swift; path = RegisterMomCollectionViewCell.swift; sourceTree = "<group>"; };
		86834791272366AC0051FFDC /* NotesCollectionViewCell.swift */ = {isa = PBXFileReference; lastKnownFileType = sourcecode.swift; path = NotesCollectionViewCell.swift; sourceTree = "<group>"; };
		86897C9F2730686F007CEC54 /* WelcomeView.swift */ = {isa = PBXFileReference; lastKnownFileType = sourcecode.swift; path = WelcomeView.swift; sourceTree = "<group>"; };
		86897CA127306884007CEC54 /* WelcomeVC.swift */ = {isa = PBXFileReference; lastKnownFileType = sourcecode.swift; path = WelcomeVC.swift; sourceTree = "<group>"; };
		86897CC32730AB5E007CEC54 /* Baby+CoreDataClass.swift */ = {isa = PBXFileReference; lastKnownFileType = sourcecode.swift; path = "Baby+CoreDataClass.swift"; sourceTree = "<group>"; };
		86897CC42730AB5E007CEC54 /* Baby+CoreDataProperties.swift */ = {isa = PBXFileReference; lastKnownFileType = sourcecode.swift; path = "Baby+CoreDataProperties.swift"; sourceTree = "<group>"; };
		86897CC52730AB5E007CEC54 /* Doula+CoreDataClass.swift */ = {isa = PBXFileReference; lastKnownFileType = sourcecode.swift; path = "Doula+CoreDataClass.swift"; sourceTree = "<group>"; };
		86897CC62730AB5E007CEC54 /* Doula+CoreDataProperties.swift */ = {isa = PBXFileReference; lastKnownFileType = sourcecode.swift; path = "Doula+CoreDataProperties.swift"; sourceTree = "<group>"; };
		86897CC72730AB5E007CEC54 /* Doctor+CoreDataClass.swift */ = {isa = PBXFileReference; lastKnownFileType = sourcecode.swift; path = "Doctor+CoreDataClass.swift"; sourceTree = "<group>"; };
		86897CC82730AB5E007CEC54 /* Doctor+CoreDataProperties.swift */ = {isa = PBXFileReference; lastKnownFileType = sourcecode.swift; path = "Doctor+CoreDataProperties.swift"; sourceTree = "<group>"; };
		86897CC92730AB5E007CEC54 /* Mom+CoreDataClass.swift */ = {isa = PBXFileReference; lastKnownFileType = sourcecode.swift; path = "Mom+CoreDataClass.swift"; sourceTree = "<group>"; };
		86897CCA2730AB5E007CEC54 /* Mom+CoreDataProperties.swift */ = {isa = PBXFileReference; lastKnownFileType = sourcecode.swift; path = "Mom+CoreDataProperties.swift"; sourceTree = "<group>"; };
		86897CCB2730AB5E007CEC54 /* Hospital+CoreDataClass.swift */ = {isa = PBXFileReference; lastKnownFileType = sourcecode.swift; path = "Hospital+CoreDataClass.swift"; sourceTree = "<group>"; };
		86897CCC2730AB5E007CEC54 /* Hospital+CoreDataProperties.swift */ = {isa = PBXFileReference; lastKnownFileType = sourcecode.swift; path = "Hospital+CoreDataProperties.swift"; sourceTree = "<group>"; };
		86897CCD2730AB5E007CEC54 /* Note+CoreDataClass.swift */ = {isa = PBXFileReference; lastKnownFileType = sourcecode.swift; path = "Note+CoreDataClass.swift"; sourceTree = "<group>"; };
		86897CCE2730AB5E007CEC54 /* Note+CoreDataProperties.swift */ = {isa = PBXFileReference; lastKnownFileType = sourcecode.swift; path = "Note+CoreDataProperties.swift"; sourceTree = "<group>"; };
		86897CCF2730AB5E007CEC54 /* Relative+CoreDataClass.swift */ = {isa = PBXFileReference; lastKnownFileType = sourcecode.swift; path = "Relative+CoreDataClass.swift"; sourceTree = "<group>"; };
		86897CD02730AB5E007CEC54 /* Relative+CoreDataProperties.swift */ = {isa = PBXFileReference; lastKnownFileType = sourcecode.swift; path = "Relative+CoreDataProperties.swift"; sourceTree = "<group>"; };
		86897CD12730AB5E007CEC54 /* Adress+CoreDataClass.swift */ = {isa = PBXFileReference; lastKnownFileType = sourcecode.swift; path = "Adress+CoreDataClass.swift"; sourceTree = "<group>"; };
		86897CD22730AB5E007CEC54 /* Adress+CoreDataProperties.swift */ = {isa = PBXFileReference; lastKnownFileType = sourcecode.swift; path = "Adress+CoreDataProperties.swift"; sourceTree = "<group>"; };
		86A66E69271F8249005313A5 /* BabyRegisterView.swift */ = {isa = PBXFileReference; lastKnownFileType = sourcecode.swift; path = BabyRegisterView.swift; sourceTree = "<group>"; };
		86A66E6B271F825E005313A5 /* BabyRegisterVC.swift */ = {isa = PBXFileReference; lastKnownFileType = sourcecode.swift; path = BabyRegisterVC.swift; sourceTree = "<group>"; };
		86AFF9742730DCEC006C6D55 /* PDFCreator.swift */ = {isa = PBXFileReference; lastKnownFileType = sourcecode.swift; path = PDFCreator.swift; sourceTree = "<group>"; };
		86BF1B722720A8D100294D0D /* AdressRegisterView.swift */ = {isa = PBXFileReference; lastKnownFileType = sourcecode.swift; path = AdressRegisterView.swift; sourceTree = "<group>"; };
		86BF1B742720A8F000294D0D /* AdressRegisterViewController.swift */ = {isa = PBXFileReference; lastKnownFileType = sourcecode.swift; path = AdressRegisterViewController.swift; sourceTree = "<group>"; };
		86BF1B772720B8A800294D0D /* RelativeRegisterView.swift */ = {isa = PBXFileReference; lastKnownFileType = sourcecode.swift; path = RelativeRegisterView.swift; sourceTree = "<group>"; };
		86BF1B792720B8FA00294D0D /* RelativeViewController.swift */ = {isa = PBXFileReference; lastKnownFileType = sourcecode.swift; path = RelativeViewController.swift; sourceTree = "<group>"; };
		86BF1B7B2720D9BC00294D0D /* DoctorRegisterView.swift */ = {isa = PBXFileReference; lastKnownFileType = sourcecode.swift; path = DoctorRegisterView.swift; sourceTree = "<group>"; };
		86BF1B7D2720D9FF00294D0D /* DoctorRegisterViewController.swift */ = {isa = PBXFileReference; lastKnownFileType = sourcecode.swift; path = DoctorRegisterViewController.swift; sourceTree = "<group>"; };
		86CADE10271BC83B00DD0BDC /* DoulaApp.app */ = {isa = PBXFileReference; explicitFileType = wrapper.application; includeInIndex = 0; path = DoulaApp.app; sourceTree = BUILT_PRODUCTS_DIR; };
		86CADE13271BC83B00DD0BDC /* AppDelegate.swift */ = {isa = PBXFileReference; lastKnownFileType = sourcecode.swift; path = AppDelegate.swift; sourceTree = "<group>"; };
		86CADE15271BC83B00DD0BDC /* SceneDelegate.swift */ = {isa = PBXFileReference; lastKnownFileType = sourcecode.swift; path = SceneDelegate.swift; sourceTree = "<group>"; };
		86CADE17271BC83B00DD0BDC /* HomeVC.swift */ = {isa = PBXFileReference; lastKnownFileType = sourcecode.swift; path = HomeVC.swift; sourceTree = "<group>"; };
		86CADE1C271BC84000DD0BDC /* Assets.xcassets */ = {isa = PBXFileReference; lastKnownFileType = folder.assetcatalog; path = Assets.xcassets; sourceTree = "<group>"; };
		86CADE1F271BC84000DD0BDC /* Base */ = {isa = PBXFileReference; lastKnownFileType = file.storyboard; name = Base; path = Base.lproj/LaunchScreen.storyboard; sourceTree = "<group>"; };
		86CADE21271BC84000DD0BDC /* Info.plist */ = {isa = PBXFileReference; lastKnownFileType = text.plist.xml; path = Info.plist; sourceTree = "<group>"; };
		86E31634271E035B0098E617 /* CoreDataStack.swift */ = {isa = PBXFileReference; lastKnownFileType = sourcecode.swift; path = CoreDataStack.swift; sourceTree = "<group>"; };
		86E31636271E059D0098E617 /* CoreDataHandleError.swift */ = {isa = PBXFileReference; lastKnownFileType = sourcecode.swift; path = CoreDataHandleError.swift; sourceTree = "<group>"; };
		86E3163D271E54230098E617 /* ViewCodable.swift */ = {isa = PBXFileReference; lastKnownFileType = sourcecode.swift; path = ViewCodable.swift; sourceTree = "<group>"; };
		86E3163F271E54A90098E617 /* UIViewExtension.swift */ = {isa = PBXFileReference; lastKnownFileType = sourcecode.swift; path = UIViewExtension.swift; sourceTree = "<group>"; };
		86E31646271E57FB0098E617 /* HomeView.swift */ = {isa = PBXFileReference; lastKnownFileType = sourcecode.swift; path = HomeView.swift; sourceTree = "<group>"; };
		86E31649271E66680098E617 /* MomCollectionViewCellView.swift */ = {isa = PBXFileReference; lastKnownFileType = sourcecode.swift; path = MomCollectionViewCellView.swift; sourceTree = "<group>"; };
		86E3164D271E68120098E617 /* MomCollectionViewCell.swift */ = {isa = PBXFileReference; lastKnownFileType = sourcecode.swift; path = MomCollectionViewCell.swift; sourceTree = "<group>"; };
		86E31652271E78A80098E617 /* UIColor+Extensions.swift */ = {isa = PBXFileReference; lastKnownFileType = sourcecode.swift; path = "UIColor+Extensions.swift"; sourceTree = "<group>"; };
		86F37933271DF4AD00D1C4EB /* DoulaApp.xcdatamodel */ = {isa = PBXFileReference; lastKnownFileType = wrapper.xcdatamodel; path = DoulaApp.xcdatamodel; sourceTree = "<group>"; };
		86FCC09E272B656D00F13D0A /* NoteTableViewCell.swift */ = {isa = PBXFileReference; lastKnownFileType = sourcecode.swift; path = NoteTableViewCell.swift; sourceTree = "<group>"; };
		86FCC0BF272B74BA00F13D0A /* AddNoteViewController.swift */ = {isa = PBXFileReference; lastKnownFileType = sourcecode.swift; path = AddNoteViewController.swift; sourceTree = "<group>"; };
		86FCC0C1272B74CB00F13D0A /* AddNoteView.swift */ = {isa = PBXFileReference; lastKnownFileType = sourcecode.swift; path = AddNoteView.swift; sourceTree = "<group>"; };
/* End PBXFileReference section */

/* Begin PBXFrameworksBuildPhase section */
		86CADE0D271BC83B00DD0BDC /* Frameworks */ = {
			isa = PBXFrameworksBuildPhase;
			buildActionMask = 2147483647;
			files = (
			);
			runOnlyForDeploymentPostprocessing = 0;
		};
/* End PBXFrameworksBuildPhase section */

/* Begin PBXGroup section */
		863D8B95271F3FCA00418F1C /* Signup */ = {
			isa = PBXGroup;
			children = (
				863D8B96271F400100418F1C /* SignupView */,
				86BF1B762720A8F500294D0D /* ViewController */,
			);
			path = Signup;
			sourceTree = "<group>";
		};
		863D8B96271F400100418F1C /* SignupView */ = {
			isa = PBXGroup;
			children = (
				86BF1B722720A8D100294D0D /* AdressRegisterView.swift */,
				86A66E69271F8249005313A5 /* BabyRegisterView.swift */,
				863D8B99271F404F00418F1C /* SignupView.swift */,
				86BF1B772720B8A800294D0D /* RelativeRegisterView.swift */,
				86BF1B7B2720D9BC00294D0D /* DoctorRegisterView.swift */,
				861225302720DFEB000226B3 /* HospitalRegisterView.swift */,
			);
			path = SignupView;
			sourceTree = "<group>";
		};
		86492850272F7B2C00826CC7 /* NavigationExtension */ = {
			isa = PBXGroup;
			children = (
				8649284E272F795B00826CC7 /* NavigationExtension.swift */,
			);
			path = NavigationExtension;
			sourceTree = "<group>";
		};
		8683477C272251F20051FFDC /* DataView */ = {
			isa = PBXGroup;
			children = (
				86492850272F7B2C00826CC7 /* NavigationExtension */,
				86FCC0C6272B7E4D00F13D0A /* Menu */,
				86FCC0C5272B7E2D00F13D0A /* HospitalData */,
				8683477E272252870051FFDC /* ProfileView.swift */,
				86FCC0C4272B7DF200F13D0A /* RelativeData */,
				86FCC0C3272B7DC600F13D0A /* Note */,
				86834780272253DF0051FFDC /* ViewController */,
				8683477D2722525B0051FFDC /* MomData */,
			);
			path = DataView;
			sourceTree = "<group>";
		};
		8683477D2722525B0051FFDC /* MomData */ = {
			isa = PBXGroup;
			children = (
				8683478B272345400051FFDC /* MomDataViewCollectionViewCell.swift */,
			);
			path = MomData;
			sourceTree = "<group>";
		};
		86834780272253DF0051FFDC /* ViewController */ = {
			isa = PBXGroup;
			children = (
				86834781272254000051FFDC /* ProfileViewController.swift */,
			);
			path = ViewController;
			sourceTree = "<group>";
		};
		86897C9E27306821007CEC54 /* Welcome */ = {
			isa = PBXGroup;
			children = (
				86897C9F2730686F007CEC54 /* WelcomeView.swift */,
				86897CA127306884007CEC54 /* WelcomeVC.swift */,
			);
			path = Welcome;
			sourceTree = "<group>";
		};
		86AFF9732730DCCD006C6D55 /* PDFUtils */ = {
			isa = PBXGroup;
			children = (
				86AFF9742730DCEC006C6D55 /* PDFCreator.swift */,
			);
			path = PDFUtils;
			sourceTree = "<group>";
		};
		86BF1B762720A8F500294D0D /* ViewController */ = {
			isa = PBXGroup;
			children = (
				863D8B97271F403400418F1C /* SignupViewController.swift */,
				86A66E6B271F825E005313A5 /* BabyRegisterVC.swift */,
				86BF1B742720A8F000294D0D /* AdressRegisterViewController.swift */,
				86BF1B792720B8FA00294D0D /* RelativeViewController.swift */,
				86BF1B7D2720D9FF00294D0D /* DoctorRegisterViewController.swift */,
				861225322720E02D000226B3 /* HospitalRegisterViewController.swift */,
			);
			path = ViewController;
			sourceTree = "<group>";
		};
		86CADE07271BC83B00DD0BDC = {
			isa = PBXGroup;
			children = (
				86CADE12271BC83B00DD0BDC /* DoulaApp */,
				86CADE11271BC83B00DD0BDC /* Products */,
			);
			sourceTree = "<group>";
		};
		86CADE11271BC83B00DD0BDC /* Products */ = {
			isa = PBXGroup;
			children = (
				86CADE10271BC83B00DD0BDC /* DoulaApp.app */,
			);
			name = Products;
			sourceTree = "<group>";
		};
		86CADE12271BC83B00DD0BDC /* DoulaApp */ = {
			isa = PBXGroup;
			children = (
				86AFF9732730DCCD006C6D55 /* PDFUtils */,
				86E31651271E78850098E617 /* Extensions */,
				86E31638271E49620098E617 /* Application */,
				86CADE21271BC84000DD0BDC /* Info.plist */,
				86E31641271E57110098E617 /* Scenes */,
				86F37931271DF48B00D1C4EB /* Storage */,
				86E3163B271E54070098E617 /* DoulaUI */,
			);
			path = DoulaApp;
			sourceTree = "<group>";
		};
		86E31633271E02470098E617 /* CoreDataStorage */ = {
			isa = PBXGroup;
			children = (
				86897CC32730AB5E007CEC54 /* Baby+CoreDataClass.swift */,
				86897CC42730AB5E007CEC54 /* Baby+CoreDataProperties.swift */,
				86897CC52730AB5E007CEC54 /* Doula+CoreDataClass.swift */,
				86897CC62730AB5E007CEC54 /* Doula+CoreDataProperties.swift */,
				86897CC72730AB5E007CEC54 /* Doctor+CoreDataClass.swift */,
				86897CC82730AB5E007CEC54 /* Doctor+CoreDataProperties.swift */,
				86897CC92730AB5E007CEC54 /* Mom+CoreDataClass.swift */,
				86897CCA2730AB5E007CEC54 /* Mom+CoreDataProperties.swift */,
				86897CCB2730AB5E007CEC54 /* Hospital+CoreDataClass.swift */,
				86897CCC2730AB5E007CEC54 /* Hospital+CoreDataProperties.swift */,
				86897CCD2730AB5E007CEC54 /* Note+CoreDataClass.swift */,
				86897CCE2730AB5E007CEC54 /* Note+CoreDataProperties.swift */,
				86897CCF2730AB5E007CEC54 /* Relative+CoreDataClass.swift */,
				86897CD02730AB5E007CEC54 /* Relative+CoreDataProperties.swift */,
				86897CD12730AB5E007CEC54 /* Adress+CoreDataClass.swift */,
				86897CD22730AB5E007CEC54 /* Adress+CoreDataProperties.swift */,
				86F37932271DF4AD00D1C4EB /* DoulaApp.xcdatamodeld */,
				86E31634271E035B0098E617 /* CoreDataStack.swift */,
				86E31636271E059D0098E617 /* CoreDataHandleError.swift */,
			);
			path = CoreDataStorage;
			sourceTree = "<group>";
		};
		86E31638271E49620098E617 /* Application */ = {
			isa = PBXGroup;
			children = (
				86E3163A271E497D0098E617 /* Resources */,
				86E31639271E49740098E617 /* Configuration */,
			);
			path = Application;
			sourceTree = "<group>";
		};
		86E31639271E49740098E617 /* Configuration */ = {
			isa = PBXGroup;
			children = (
				86CADE13271BC83B00DD0BDC /* AppDelegate.swift */,
				86CADE15271BC83B00DD0BDC /* SceneDelegate.swift */,
			);
			path = Configuration;
			sourceTree = "<group>";
		};
		86E3163A271E497D0098E617 /* Resources */ = {
			isa = PBXGroup;
			children = (
				86CADE1C271BC84000DD0BDC /* Assets.xcassets */,
				86CADE1E271BC84000DD0BDC /* LaunchScreen.storyboard */,
			);
			path = Resources;
			sourceTree = "<group>";
		};
		86E3163B271E54070098E617 /* DoulaUI */ = {
			isa = PBXGroup;
			children = (
				86E3163C271E54100098E617 /* ViewCode */,
			);
			path = DoulaUI;
			sourceTree = "<group>";
		};
		86E3163C271E54100098E617 /* ViewCode */ = {
			isa = PBXGroup;
			children = (
				86E3163D271E54230098E617 /* ViewCodable.swift */,
				86E3163F271E54A90098E617 /* UIViewExtension.swift */,
			);
			path = ViewCode;
			sourceTree = "<group>";
		};
		86E31641271E57110098E617 /* Scenes */ = {
			isa = PBXGroup;
			children = (
				86897C9E27306821007CEC54 /* Welcome */,
				86FCC0BE272B749800F13D0A /* AddNote */,
				8683477C272251F20051FFDC /* DataView */,
				863D8B95271F3FCA00418F1C /* Signup */,
				86E31642271E571E0098E617 /* Home */,
			);
			path = Scenes;
			sourceTree = "<group>";
		};
		86E31642271E571E0098E617 /* Home */ = {
			isa = PBXGroup;
			children = (
				86E31648271E66420098E617 /* MomCollectionViewCell */,
				86E31645271E57E70098E617 /* HomeView */,
				86CADE17271BC83B00DD0BDC /* HomeVC.swift */,
			);
			path = Home;
			sourceTree = "<group>";
		};
		86E31645271E57E70098E617 /* HomeView */ = {
			isa = PBXGroup;
			children = (
				86E31646271E57FB0098E617 /* HomeView.swift */,
			);
			path = HomeView;
			sourceTree = "<group>";
		};
		86E31648271E66420098E617 /* MomCollectionViewCell */ = {
			isa = PBXGroup;
			children = (
				86E3164B271E67E60098E617 /* CollectionCustomView */,
				86E3164D271E68120098E617 /* MomCollectionViewCell.swift */,
			);
			path = MomCollectionViewCell;
			sourceTree = "<group>";
		};
		86E3164B271E67E60098E617 /* CollectionCustomView */ = {
			isa = PBXGroup;
			children = (
				86E31649271E66680098E617 /* MomCollectionViewCellView.swift */,
				8683478F27235ABC0051FFDC /* RegisterMomCollectionViewCell.swift */,
			);
			path = CollectionCustomView;
			sourceTree = "<group>";
		};
		86E31651271E78850098E617 /* Extensions */ = {
			isa = PBXGroup;
			children = (
				86E31652271E78A80098E617 /* UIColor+Extensions.swift */,
			);
			path = Extensions;
			sourceTree = "<group>";
		};
		86F37931271DF48B00D1C4EB /* Storage */ = {
			isa = PBXGroup;
			children = (
				86E31633271E02470098E617 /* CoreDataStorage */,
			);
			path = Storage;
			sourceTree = "<group>";
		};
		86FCC0BE272B749800F13D0A /* AddNote */ = {
			isa = PBXGroup;
			children = (
				86FCC0BF272B74BA00F13D0A /* AddNoteViewController.swift */,
				86FCC0C1272B74CB00F13D0A /* AddNoteView.swift */,
			);
			path = AddNote;
			sourceTree = "<group>";
		};
		86FCC0C3272B7DC600F13D0A /* Note */ = {
			isa = PBXGroup;
			children = (
				86FCC09E272B656D00F13D0A /* NoteTableViewCell.swift */,
				86834791272366AC0051FFDC /* NotesCollectionViewCell.swift */,
			);
			path = Note;
			sourceTree = "<group>";
		};
		86FCC0C4272B7DF200F13D0A /* RelativeData */ = {
			isa = PBXGroup;
			children = (
				86834789272341F00051FFDC /* RelativeDataCollectionViewCell.swift */,
			);
			path = RelativeData;
			sourceTree = "<group>";
		};
		86FCC0C5272B7E2D00F13D0A /* HospitalData */ = {
			isa = PBXGroup;
			children = (
				8683478D272352EC0051FFDC /* HospitalDataCollectionViewCell.swift */,
			);
			path = HospitalData;
			sourceTree = "<group>";
		};
		86FCC0C6272B7E4D00F13D0A /* Menu */ = {
			isa = PBXGroup;
			children = (
				8683478527225FE90051FFDC /* MenuBar.swift */,
				86834787272265CD0051FFDC /* MenuCellCollectionViewCell.swift */,
			);
			path = Menu;
			sourceTree = "<group>";
		};
/* End PBXGroup section */

/* Begin PBXNativeTarget section */
		86CADE0F271BC83B00DD0BDC /* DoulaApp */ = {
			isa = PBXNativeTarget;
			buildConfigurationList = 86CADE24271BC84000DD0BDC /* Build configuration list for PBXNativeTarget "DoulaApp" */;
			buildPhases = (
				86CADE0C271BC83B00DD0BDC /* Sources */,
				86CADE0D271BC83B00DD0BDC /* Frameworks */,
				86CADE0E271BC83B00DD0BDC /* Resources */,
			);
			buildRules = (
			);
			dependencies = (
			);
			name = DoulaApp;
			productName = DoulaApp;
			productReference = 86CADE10271BC83B00DD0BDC /* DoulaApp.app */;
			productType = "com.apple.product-type.application";
		};
/* End PBXNativeTarget section */

/* Begin PBXProject section */
		86CADE08271BC83B00DD0BDC /* Project object */ = {
			isa = PBXProject;
			attributes = {
				BuildIndependentTargetsInParallel = 1;
				LastSwiftUpdateCheck = 1300;
				LastUpgradeCheck = 1300;
				TargetAttributes = {
					86CADE0F271BC83B00DD0BDC = {
						CreatedOnToolsVersion = 13.0;
					};
				};
			};
			buildConfigurationList = 86CADE0B271BC83B00DD0BDC /* Build configuration list for PBXProject "DoulaApp" */;
			compatibilityVersion = "Xcode 13.0";
			developmentRegion = en;
			hasScannedForEncodings = 0;
			knownRegions = (
				en,
				Base,
			);
			mainGroup = 86CADE07271BC83B00DD0BDC;
			productRefGroup = 86CADE11271BC83B00DD0BDC /* Products */;
			projectDirPath = "";
			projectRoot = "";
			targets = (
				86CADE0F271BC83B00DD0BDC /* DoulaApp */,
			);
		};
/* End PBXProject section */

/* Begin PBXResourcesBuildPhase section */
		86CADE0E271BC83B00DD0BDC /* Resources */ = {
			isa = PBXResourcesBuildPhase;
			buildActionMask = 2147483647;
			files = (
				86CADE20271BC84000DD0BDC /* LaunchScreen.storyboard in Resources */,
				86CADE1D271BC84000DD0BDC /* Assets.xcassets in Resources */,
			);
			runOnlyForDeploymentPostprocessing = 0;
		};
/* End PBXResourcesBuildPhase section */

/* Begin PBXSourcesBuildPhase section */
		86CADE0C271BC83B00DD0BDC /* Sources */ = {
			isa = PBXSourcesBuildPhase;
			buildActionMask = 2147483647;
			files = (
				86E31635271E035B0098E617 /* CoreDataStack.swift in Sources */,
				86897CD62730AB5E007CEC54 /* Doula+CoreDataProperties.swift in Sources */,
				861225332720E02D000226B3 /* HospitalRegisterViewController.swift in Sources */,
				8649284F272F795B00826CC7 /* NavigationExtension.swift in Sources */,
				86897CD72730AB5E007CEC54 /* Doctor+CoreDataClass.swift in Sources */,
				86FCC0C2272B74CB00F13D0A /* AddNoteView.swift in Sources */,
				86897CA02730686F007CEC54 /* WelcomeView.swift in Sources */,
				86897CDD2730AB5E007CEC54 /* Note+CoreDataClass.swift in Sources */,
				86A66E6A271F824A005313A5 /* BabyRegisterView.swift in Sources */,
				86CADE18271BC83B00DD0BDC /* HomeVC.swift in Sources */,
				86BF1B732720A8D100294D0D /* AdressRegisterView.swift in Sources */,
				86897CDF2730AB5E007CEC54 /* Relative+CoreDataClass.swift in Sources */,
				8683478C272345400051FFDC /* MomDataViewCollectionViewCell.swift in Sources */,
				86834788272265CD0051FFDC /* MenuCellCollectionViewCell.swift in Sources */,
				8683478E272352EC0051FFDC /* HospitalDataCollectionViewCell.swift in Sources */,
				86897CD52730AB5E007CEC54 /* Doula+CoreDataClass.swift in Sources */,
				8683477F272252870051FFDC /* ProfileView.swift in Sources */,
				86FCC0C0272B74BA00F13D0A /* AddNoteViewController.swift in Sources */,
				86E31640271E54A90098E617 /* UIViewExtension.swift in Sources */,
				86BF1B7C2720D9BC00294D0D /* DoctorRegisterView.swift in Sources */,
				86CADE14271BC83B00DD0BDC /* AppDelegate.swift in Sources */,
				86897CDA2730AB5E007CEC54 /* Mom+CoreDataProperties.swift in Sources */,
				86897CA227306884007CEC54 /* WelcomeVC.swift in Sources */,
				86E3164A271E66680098E617 /* MomCollectionViewCellView.swift in Sources */,
				8683479027235ABC0051FFDC /* RegisterMomCollectionViewCell.swift in Sources */,
				8683478A272341F00051FFDC /* RelativeDataCollectionViewCell.swift in Sources */,
				86BF1B7A2720B8FB00294D0D /* RelativeViewController.swift in Sources */,
				86CADE16271BC83B00DD0BDC /* SceneDelegate.swift in Sources */,
				863D8B9A271F404F00418F1C /* SignupView.swift in Sources */,
				86BF1B752720A8F000294D0D /* AdressRegisterViewController.swift in Sources */,
				86897CE22730AB5E007CEC54 /* Adress+CoreDataProperties.swift in Sources */,
				86897CDC2730AB5E007CEC54 /* Hospital+CoreDataProperties.swift in Sources */,
				861225312720DFEB000226B3 /* HospitalRegisterView.swift in Sources */,
				86BF1B782720B8A800294D0D /* RelativeRegisterView.swift in Sources */,
				86897CD82730AB5E007CEC54 /* Doctor+CoreDataProperties.swift in Sources */,
				86E31637271E059D0098E617 /* CoreDataHandleError.swift in Sources */,
				86BF1B7E2720D9FF00294D0D /* DoctorRegisterViewController.swift in Sources */,
				86E3163E271E54230098E617 /* ViewCodable.swift in Sources */,
				86897CD32730AB5E007CEC54 /* Baby+CoreDataClass.swift in Sources */,
				86897CD42730AB5E007CEC54 /* Baby+CoreDataProperties.swift in Sources */,
				86F37934271DF4AD00D1C4EB /* DoulaApp.xcdatamodeld in Sources */,
				86A66E6C271F825E005313A5 /* BabyRegisterVC.swift in Sources */,
				86FCC09F272B656D00F13D0A /* NoteTableViewCell.swift in Sources */,
				86834782272254000051FFDC /* ProfileViewController.swift in Sources */,
				86E3164E271E68120098E617 /* MomCollectionViewCell.swift in Sources */,
				86AFF9752730DCEC006C6D55 /* PDFCreator.swift in Sources */,
				8683478627225FE90051FFDC /* MenuBar.swift in Sources */,
				86897CDE2730AB5E007CEC54 /* Note+CoreDataProperties.swift in Sources */,
				86897CE02730AB5E007CEC54 /* Relative+CoreDataProperties.swift in Sources */,
				86E31653271E78A80098E617 /* UIColor+Extensions.swift in Sources */,
				863D8B98271F403400418F1C /* SignupViewController.swift in Sources */,
				86897CD92730AB5E007CEC54 /* Mom+CoreDataClass.swift in Sources */,
				86E31647271E57FB0098E617 /* HomeView.swift in Sources */,
				86834792272366AD0051FFDC /* NotesCollectionViewCell.swift in Sources */,
				86897CDB2730AB5E007CEC54 /* Hospital+CoreDataClass.swift in Sources */,
				86897CE12730AB5E007CEC54 /* Adress+CoreDataClass.swift in Sources */,
			);
			runOnlyForDeploymentPostprocessing = 0;
		};
/* End PBXSourcesBuildPhase section */

/* Begin PBXVariantGroup section */
		86CADE1E271BC84000DD0BDC /* LaunchScreen.storyboard */ = {
			isa = PBXVariantGroup;
			children = (
				86CADE1F271BC84000DD0BDC /* Base */,
			);
			name = LaunchScreen.storyboard;
			sourceTree = "<group>";
		};
/* End PBXVariantGroup section */

/* Begin XCBuildConfiguration section */
		86CADE22271BC84000DD0BDC /* Debug */ = {
			isa = XCBuildConfiguration;
			buildSettings = {
				ALWAYS_SEARCH_USER_PATHS = NO;
				CLANG_ANALYZER_NONNULL = YES;
				CLANG_ANALYZER_NUMBER_OBJECT_CONVERSION = YES_AGGRESSIVE;
				CLANG_CXX_LANGUAGE_STANDARD = "gnu++17";
				CLANG_CXX_LIBRARY = "libc++";
				CLANG_ENABLE_MODULES = YES;
				CLANG_ENABLE_OBJC_ARC = YES;
				CLANG_ENABLE_OBJC_WEAK = YES;
				CLANG_WARN_BLOCK_CAPTURE_AUTORELEASING = YES;
				CLANG_WARN_BOOL_CONVERSION = YES;
				CLANG_WARN_COMMA = YES;
				CLANG_WARN_CONSTANT_CONVERSION = YES;
				CLANG_WARN_DEPRECATED_OBJC_IMPLEMENTATIONS = YES;
				CLANG_WARN_DIRECT_OBJC_ISA_USAGE = YES_ERROR;
				CLANG_WARN_DOCUMENTATION_COMMENTS = YES;
				CLANG_WARN_EMPTY_BODY = YES;
				CLANG_WARN_ENUM_CONVERSION = YES;
				CLANG_WARN_INFINITE_RECURSION = YES;
				CLANG_WARN_INT_CONVERSION = YES;
				CLANG_WARN_NON_LITERAL_NULL_CONVERSION = YES;
				CLANG_WARN_OBJC_IMPLICIT_RETAIN_SELF = YES;
				CLANG_WARN_OBJC_LITERAL_CONVERSION = YES;
				CLANG_WARN_OBJC_ROOT_CLASS = YES_ERROR;
				CLANG_WARN_QUOTED_INCLUDE_IN_FRAMEWORK_HEADER = YES;
				CLANG_WARN_RANGE_LOOP_ANALYSIS = YES;
				CLANG_WARN_STRICT_PROTOTYPES = YES;
				CLANG_WARN_SUSPICIOUS_MOVE = YES;
				CLANG_WARN_UNGUARDED_AVAILABILITY = YES_AGGRESSIVE;
				CLANG_WARN_UNREACHABLE_CODE = YES;
				CLANG_WARN__DUPLICATE_METHOD_MATCH = YES;
				COPY_PHASE_STRIP = NO;
				DEBUG_INFORMATION_FORMAT = dwarf;
				ENABLE_STRICT_OBJC_MSGSEND = YES;
				ENABLE_TESTABILITY = YES;
				GCC_C_LANGUAGE_STANDARD = gnu11;
				GCC_DYNAMIC_NO_PIC = NO;
				GCC_NO_COMMON_BLOCKS = YES;
				GCC_OPTIMIZATION_LEVEL = 0;
				GCC_PREPROCESSOR_DEFINITIONS = (
					"DEBUG=1",
					"$(inherited)",
				);
				GCC_WARN_64_TO_32_BIT_CONVERSION = YES;
				GCC_WARN_ABOUT_RETURN_TYPE = YES_ERROR;
				GCC_WARN_UNDECLARED_SELECTOR = YES;
				GCC_WARN_UNINITIALIZED_AUTOS = YES_AGGRESSIVE;
				GCC_WARN_UNUSED_FUNCTION = YES;
				GCC_WARN_UNUSED_VARIABLE = YES;
				IPHONEOS_DEPLOYMENT_TARGET = 15.0;
				MTL_ENABLE_DEBUG_INFO = INCLUDE_SOURCE;
				MTL_FAST_MATH = YES;
				ONLY_ACTIVE_ARCH = YES;
				SDKROOT = iphoneos;
				SWIFT_ACTIVE_COMPILATION_CONDITIONS = DEBUG;
				SWIFT_OPTIMIZATION_LEVEL = "-Onone";
			};
			name = Debug;
		};
		86CADE23271BC84000DD0BDC /* Release */ = {
			isa = XCBuildConfiguration;
			buildSettings = {
				ALWAYS_SEARCH_USER_PATHS = NO;
				CLANG_ANALYZER_NONNULL = YES;
				CLANG_ANALYZER_NUMBER_OBJECT_CONVERSION = YES_AGGRESSIVE;
				CLANG_CXX_LANGUAGE_STANDARD = "gnu++17";
				CLANG_CXX_LIBRARY = "libc++";
				CLANG_ENABLE_MODULES = YES;
				CLANG_ENABLE_OBJC_ARC = YES;
				CLANG_ENABLE_OBJC_WEAK = YES;
				CLANG_WARN_BLOCK_CAPTURE_AUTORELEASING = YES;
				CLANG_WARN_BOOL_CONVERSION = YES;
				CLANG_WARN_COMMA = YES;
				CLANG_WARN_CONSTANT_CONVERSION = YES;
				CLANG_WARN_DEPRECATED_OBJC_IMPLEMENTATIONS = YES;
				CLANG_WARN_DIRECT_OBJC_ISA_USAGE = YES_ERROR;
				CLANG_WARN_DOCUMENTATION_COMMENTS = YES;
				CLANG_WARN_EMPTY_BODY = YES;
				CLANG_WARN_ENUM_CONVERSION = YES;
				CLANG_WARN_INFINITE_RECURSION = YES;
				CLANG_WARN_INT_CONVERSION = YES;
				CLANG_WARN_NON_LITERAL_NULL_CONVERSION = YES;
				CLANG_WARN_OBJC_IMPLICIT_RETAIN_SELF = YES;
				CLANG_WARN_OBJC_LITERAL_CONVERSION = YES;
				CLANG_WARN_OBJC_ROOT_CLASS = YES_ERROR;
				CLANG_WARN_QUOTED_INCLUDE_IN_FRAMEWORK_HEADER = YES;
				CLANG_WARN_RANGE_LOOP_ANALYSIS = YES;
				CLANG_WARN_STRICT_PROTOTYPES = YES;
				CLANG_WARN_SUSPICIOUS_MOVE = YES;
				CLANG_WARN_UNGUARDED_AVAILABILITY = YES_AGGRESSIVE;
				CLANG_WARN_UNREACHABLE_CODE = YES;
				CLANG_WARN__DUPLICATE_METHOD_MATCH = YES;
				COPY_PHASE_STRIP = NO;
				DEBUG_INFORMATION_FORMAT = "dwarf-with-dsym";
				ENABLE_NS_ASSERTIONS = NO;
				ENABLE_STRICT_OBJC_MSGSEND = YES;
				GCC_C_LANGUAGE_STANDARD = gnu11;
				GCC_NO_COMMON_BLOCKS = YES;
				GCC_WARN_64_TO_32_BIT_CONVERSION = YES;
				GCC_WARN_ABOUT_RETURN_TYPE = YES_ERROR;
				GCC_WARN_UNDECLARED_SELECTOR = YES;
				GCC_WARN_UNINITIALIZED_AUTOS = YES_AGGRESSIVE;
				GCC_WARN_UNUSED_FUNCTION = YES;
				GCC_WARN_UNUSED_VARIABLE = YES;
				IPHONEOS_DEPLOYMENT_TARGET = 15.0;
				MTL_ENABLE_DEBUG_INFO = NO;
				MTL_FAST_MATH = YES;
				SDKROOT = iphoneos;
				SWIFT_COMPILATION_MODE = wholemodule;
				SWIFT_OPTIMIZATION_LEVEL = "-O";
				VALIDATE_PRODUCT = YES;
			};
			name = Release;
		};
		86CADE25271BC84000DD0BDC /* Debug */ = {
			isa = XCBuildConfiguration;
			buildSettings = {
				ASSETCATALOG_COMPILER_APPICON_NAME = AppIcon;
				ASSETCATALOG_COMPILER_GLOBAL_ACCENT_COLOR_NAME = AccentColor;
				CODE_SIGN_STYLE = Automatic;
				CURRENT_PROJECT_VERSION = 1;
				DEVELOPMENT_TEAM = C4S2S39VU4;
				GENERATE_INFOPLIST_FILE = YES;
				INFOPLIST_FILE = DoulaApp/Info.plist;
				INFOPLIST_KEY_CFBundleDisplayName = "Doula+";
				INFOPLIST_KEY_UIApplicationSupportsIndirectInputEvents = YES;
				INFOPLIST_KEY_UILaunchStoryboardName = LaunchScreen;
				INFOPLIST_KEY_UISupportedInterfaceOrientations_iPad = "UIInterfaceOrientationPortrait UIInterfaceOrientationPortraitUpsideDown UIInterfaceOrientationLandscapeLeft UIInterfaceOrientationLandscapeRight";
				INFOPLIST_KEY_UISupportedInterfaceOrientations_iPhone = "UIInterfaceOrientationPortrait UIInterfaceOrientationLandscapeLeft UIInterfaceOrientationLandscapeRight";
				LD_RUNPATH_SEARCH_PATHS = (
					"$(inherited)",
					"@executable_path/Frameworks",
				);
				MARKETING_VERSION = 1.0;
				PRODUCT_BUNDLE_IDENTIFIER = com.luan.DoulaApp;
				PRODUCT_NAME = "$(TARGET_NAME)";
				SWIFT_EMIT_LOC_STRINGS = YES;
				SWIFT_VERSION = 5.0;
				TARGETED_DEVICE_FAMILY = "1,2";
			};
			name = Debug;
		};
		86CADE26271BC84000DD0BDC /* Release */ = {
			isa = XCBuildConfiguration;
			buildSettings = {
				ASSETCATALOG_COMPILER_APPICON_NAME = AppIcon;
				ASSETCATALOG_COMPILER_GLOBAL_ACCENT_COLOR_NAME = AccentColor;
				CODE_SIGN_STYLE = Automatic;
				CURRENT_PROJECT_VERSION = 1;
				DEVELOPMENT_TEAM = C4S2S39VU4;
				GENERATE_INFOPLIST_FILE = YES;
				INFOPLIST_FILE = DoulaApp/Info.plist;
				INFOPLIST_KEY_CFBundleDisplayName = "Doula+";
				INFOPLIST_KEY_UIApplicationSupportsIndirectInputEvents = YES;
				INFOPLIST_KEY_UILaunchStoryboardName = LaunchScreen;
				INFOPLIST_KEY_UISupportedInterfaceOrientations_iPad = "UIInterfaceOrientationPortrait UIInterfaceOrientationPortraitUpsideDown UIInterfaceOrientationLandscapeLeft UIInterfaceOrientationLandscapeRight";
				INFOPLIST_KEY_UISupportedInterfaceOrientations_iPhone = "UIInterfaceOrientationPortrait UIInterfaceOrientationLandscapeLeft UIInterfaceOrientationLandscapeRight";
				LD_RUNPATH_SEARCH_PATHS = (
					"$(inherited)",
					"@executable_path/Frameworks",
				);
				MARKETING_VERSION = 1.0;
				PRODUCT_BUNDLE_IDENTIFIER = com.luan.DoulaApp;
				PRODUCT_NAME = "$(TARGET_NAME)";
				SWIFT_EMIT_LOC_STRINGS = YES;
				SWIFT_VERSION = 5.0;
				TARGETED_DEVICE_FAMILY = "1,2";
			};
			name = Release;
		};
/* End XCBuildConfiguration section */

/* Begin XCConfigurationList section */
		86CADE0B271BC83B00DD0BDC /* Build configuration list for PBXProject "DoulaApp" */ = {
			isa = XCConfigurationList;
			buildConfigurations = (
				86CADE22271BC84000DD0BDC /* Debug */,
				86CADE23271BC84000DD0BDC /* Release */,
			);
			defaultConfigurationIsVisible = 0;
			defaultConfigurationName = Release;
		};
		86CADE24271BC84000DD0BDC /* Build configuration list for PBXNativeTarget "DoulaApp" */ = {
			isa = XCConfigurationList;
			buildConfigurations = (
				86CADE25271BC84000DD0BDC /* Debug */,
				86CADE26271BC84000DD0BDC /* Release */,
			);
			defaultConfigurationIsVisible = 0;
			defaultConfigurationName = Release;
		};
/* End XCConfigurationList section */

/* Begin XCVersionGroup section */
		86F37932271DF4AD00D1C4EB /* DoulaApp.xcdatamodeld */ = {
			isa = XCVersionGroup;
			children = (
				86F37933271DF4AD00D1C4EB /* DoulaApp.xcdatamodel */,
			);
			currentVersion = 86F37933271DF4AD00D1C4EB /* DoulaApp.xcdatamodel */;
			path = DoulaApp.xcdatamodeld;
			sourceTree = "<group>";
			versionGroupType = wrapper.xcdatamodel;
		};
/* End XCVersionGroup section */
	};
	rootObject = 86CADE08271BC83B00DD0BDC /* Project object */;
}
